{
  "version": 4,
  "terraform_version": "0.12.24",
  "serial": 155,
  "lineage": "a9983858-2154-f1cb-0df3-23311a0f4a88",
  "outputs": {
    "cluster_location": {
      "value": "us-west1-b",
      "type": "string"
    },
    "cluster_name": {
      "value": "terraform-k8s-demo",
      "type": "string"
    },
    "cluster_region": {
      "value": "us-west1",
      "type": "string"
    },
    "network": {
      "value": "https://www.googleapis.com/compute/v1/projects/development-299412/global/networks/terraform-k8s-demo",
      "type": "string"
    },
    "subnetwork_name": {
      "value": "terraform-k8s-demo",
      "type": "string"
    }
  },
  "resources": [
    {
      "mode": "data",
      "type": "google_client_config",
      "name": "current",
      "provider": "provider.google",
      "instances": [
        {
          "schema_version": 0,
          "attributes": {
            "access_token": "ya29.A0AfH6SMDnLlGqoKUsAK42vAY2iL9iIesscceuhLBBKztJ79qBmIUT68VXIJfMunMu44I-qGq_uvgitmAC75cY-9J6Wxea4ZseranmuqEh9Sk1E-MiNnKgpC0e3doMxOo77eJWaODLp5XzC6BKClGCkRHrPycXRXIVtz4QoOMQM6I2YqC10g1gJjb7lZPoO7wSJPosrCYaL-SdSaVDM7wL-Hk07jJgkPp-8bBAn6fh59Nw_ciPItvJpSiRW_kH6qfPj9UWcrk",
            "id": "projects/development-299412/regions/us-west1/zones/",
            "project": "development-299412",
            "region": "us-west1",
            "zone": ""
          }
        }
      ]
    },
    {
      "mode": "data",
      "type": "google_container_engine_versions",
      "name": "default",
      "provider": "provider.google",
      "instances": [
        {
          "schema_version": 0,
          "attributes": {
            "default_cluster_version": "1.17.15-gke.800",
            "id": "2021-02-17 10:27:24.125056132 +0000 UTC",
            "latest_master_version": "1.18.15-gke.1100",
            "latest_node_version": "1.18.15-gke.1100",
            "location": "us-west1-b",
            "project": null,
            "release_channel_default_version": {
              "RAPID": "1.18.12-gke.1210",
              "REGULAR": "1.17.15-gke.800",
              "STABLE": "1.17.15-gke.800"
            },
            "valid_master_versions": [
              "1.18.15-gke.1100",
              "1.18.15-gke.800",
              "1.18.14-gke.1600",
              "1.18.14-gke.1200",
              "1.18.12-gke.1210",
              "1.18.12-gke.1206",
              "1.18.12-gke.1205",
              "1.17.17-gke.1100",
              "1.17.17-gke.600",
              "1.17.16-gke.1600",
              "1.17.16-gke.1300",
              "1.17.15-gke.800",
              "1.17.15-gke.300",
              "1.17.14-gke.1600",
              "1.16.15-gke.10600",
              "1.16.15-gke.7800",
              "1.16.15-gke.7300",
              "1.16.15-gke.6900",
              "1.16.15-gke.6000",
              "1.15.12-gke.6002"
            ],
            "valid_node_versions": [
              "1.18.15-gke.1100",
              "1.18.15-gke.800",
              "1.18.14-gke.1600",
              "1.18.14-gke.1200",
              "1.18.12-gke.1210",
              "1.18.12-gke.1206",
              "1.18.12-gke.1205",
              "1.18.12-gke.1201",
              "1.18.12-gke.1200",
              "1.18.12-gke.300",
              "1.18.10-gke.2701",
              "1.18.10-gke.2101",
              "1.18.10-gke.1500",
              "1.18.10-gke.601",
              "1.18.9-gke.2501",
              "1.18.9-gke.1501",
              "1.18.9-gke.801",
              "1.18.6-gke.4801",
              "1.18.6-gke.3504",
              "1.18.6-gke.3503",
              "1.17.17-gke.1100",
              "1.17.17-gke.600",
              "1.17.16-gke.1600",
              "1.17.16-gke.1300",
              "1.17.15-gke.800",
              "1.17.15-gke.300",
              "1.17.14-gke.1600",
              "1.17.14-gke.1200",
              "1.17.14-gke.400",
              "1.17.13-gke.2600",
              "1.17.13-gke.2001",
              "1.17.13-gke.1401",
              "1.17.13-gke.1400",
              "1.17.13-gke.600",
              "1.17.12-gke.2502",
              "1.17.12-gke.1504",
              "1.17.12-gke.1501",
              "1.17.12-gke.500",
              "1.17.9-gke.6300",
              "1.17.9-gke.1504",
              "1.16.15-gke.10600",
              "1.16.15-gke.7800",
              "1.16.15-gke.7300",
              "1.16.15-gke.6900",
              "1.16.15-gke.6000",
              "1.16.15-gke.5500",
              "1.16.15-gke.4901",
              "1.16.15-gke.4301",
              "1.16.15-gke.4300",
              "1.16.15-gke.3500",
              "1.16.15-gke.2601",
              "1.16.15-gke.1600",
              "1.16.15-gke.500",
              "1.16.13-gke.404",
              "1.16.13-gke.403",
              "1.16.13-gke.401",
              "1.16.13-gke.400",
              "1.16.13-gke.1",
              "1.16.11-gke.5",
              "1.16.10-gke.8",
              "1.16.9-gke.6",
              "1.16.9-gke.2",
              "1.16.8-gke.15",
              "1.16.8-gke.12",
              "1.16.8-gke.9",
              "1.15.12-gke.6002",
              "1.15.12-gke.6001",
              "1.15.12-gke.5000",
              "1.15.12-gke.4002",
              "1.15.12-gke.4000",
              "1.15.12-gke.20",
              "1.15.12-gke.17",
              "1.15.12-gke.16",
              "1.15.12-gke.13",
              "1.15.12-gke.9",
              "1.15.12-gke.6",
              "1.15.12-gke.3",
              "1.15.12-gke.2",
              "1.15.11-gke.17",
              "1.15.11-gke.15",
              "1.15.11-gke.13",
              "1.15.11-gke.12",
              "1.15.11-gke.11",
              "1.15.11-gke.9",
              "1.15.11-gke.5",
              "1.15.11-gke.3",
              "1.15.11-gke.1",
              "1.15.9-gke.26",
              "1.15.9-gke.24",
              "1.15.9-gke.22",
              "1.15.9-gke.12",
              "1.15.9-gke.9",
              "1.15.9-gke.8",
              "1.15.8-gke.3",
              "1.15.8-gke.2",
              "1.15.7-gke.23",
              "1.15.7-gke.2",
              "1.15.4-gke.22",
              "1.14.10-gke.1504",
              "1.14.10-gke.902",
              "1.14.10-gke.50",
              "1.14.10-gke.46",
              "1.14.10-gke.45",
              "1.14.10-gke.42",
              "1.14.10-gke.41",
              "1.14.10-gke.40",
              "1.14.10-gke.37",
              "1.14.10-gke.36",
              "1.14.10-gke.34",
              "1.14.10-gke.32",
              "1.14.10-gke.31",
              "1.14.10-gke.27",
              "1.14.10-gke.24",
              "1.14.10-gke.22",
              "1.14.10-gke.21",
              "1.14.10-gke.17",
              "1.14.10-gke.0",
              "1.14.9-gke.23",
              "1.14.9-gke.2",
              "1.14.9-gke.0",
              "1.14.8-gke.33",
              "1.14.8-gke.21",
              "1.14.8-gke.18",
              "1.14.8-gke.17",
              "1.14.8-gke.14",
              "1.14.8-gke.12",
              "1.14.8-gke.7",
              "1.14.8-gke.2",
              "1.14.7-gke.40",
              "1.14.7-gke.25",
              "1.14.7-gke.23",
              "1.14.7-gke.17",
              "1.14.7-gke.14",
              "1.14.7-gke.10",
              "1.14.6-gke.13",
              "1.14.6-gke.2",
              "1.14.6-gke.1",
              "1.14.3-gke.11",
              "1.14.3-gke.10",
              "1.14.3-gke.9",
              "1.14.2-gke.9",
              "1.14.1-gke.5",
              "1.13.12-gke.30",
              "1.13.12-gke.25",
              "1.13.12-gke.17",
              "1.13.12-gke.16",
              "1.13.12-gke.14",
              "1.13.12-gke.13",
              "1.13.12-gke.10",
              "1.13.12-gke.8",
              "1.13.12-gke.4",
              "1.13.12-gke.2",
              "1.13.11-gke.23",
              "1.13.11-gke.15",
              "1.13.11-gke.14",
              "1.13.11-gke.12",
              "1.13.11-gke.11",
              "1.13.11-gke.9",
              "1.13.11-gke.5",
              "1.13.10-gke.7",
              "1.13.10-gke.0",
              "1.13.9-gke.11",
              "1.13.9-gke.3",
              "1.13.7-gke.24",
              "1.13.7-gke.19",
              "1.13.7-gke.15",
              "1.13.7-gke.8",
              "1.13.7-gke.0",
              "1.13.6-gke.13",
              "1.13.6-gke.6",
              "1.13.6-gke.5",
              "1.13.6-gke.0",
              "1.13.5-gke.10",
              "1.12.10-gke.22",
              "1.12.10-gke.20",
              "1.12.10-gke.19",
              "1.12.10-gke.18",
              "1.12.10-gke.17",
              "1.12.10-gke.15",
              "1.12.10-gke.13",
              "1.12.10-gke.11",
              "1.12.10-gke.5",
              "1.12.9-gke.16",
              "1.12.9-gke.15",
              "1.12.9-gke.13",
              "1.12.9-gke.10",
              "1.12.9-gke.7",
              "1.12.9-gke.3",
              "1.12.8-gke.12",
              "1.12.8-gke.10",
              "1.12.8-gke.7",
              "1.12.8-gke.6",
              "1.12.7-gke.26",
              "1.12.7-gke.25",
              "1.12.7-gke.24",
              "1.12.7-gke.22",
              "1.12.7-gke.21",
              "1.12.7-gke.17",
              "1.12.7-gke.10",
              "1.12.7-gke.7",
              "1.12.6-gke.11",
              "1.12.6-gke.10",
              "1.12.6-gke.7",
              "1.12.5-gke.10",
              "1.12.5-gke.5",
              "1.11.10-gke.6",
              "1.11.10-gke.5"
            ],
            "version_prefix": null
          }
        }
      ]
    },
    {
      "mode": "data",
      "type": "kubectl_filename_list",
      "name": "manifests",
      "provider": "provider.kubectl",
      "instances": [
        {
          "schema_version": 0,
          "attributes": {
            "basenames": [
              "mysql-secret.yaml",
              "mysql-service.yaml",
              "mysql-volumeclaim.yaml",
              "mysql.yaml",
              "namespace.yaml",
              "wordpress-service.yaml",
              "wordpress-volumeclaim.yaml",
              "wordpress.yaml"
            ],
            "id": "3109c55c4f2adb73ecc44ae57107c83d33972c94088f51200a0bd0a1661e6784",
            "matches": [
              "wordpress/mysql-secret.yaml",
              "wordpress/mysql-service.yaml",
              "wordpress/mysql-volumeclaim.yaml",
              "wordpress/mysql.yaml",
              "wordpress/namespace.yaml",
              "wordpress/wordpress-service.yaml",
              "wordpress/wordpress-volumeclaim.yaml",
              "wordpress/wordpress.yaml"
            ],
            "pattern": "./wordpress/*.yaml"
          }
        }
      ]
    },
    {
      "mode": "managed",
      "type": "google_compute_address",
      "name": "default",
      "provider": "provider.google",
      "instances": [
        {
          "schema_version": 0,
          "attributes": {
            "address": "35.233.179.119",
            "address_type": "EXTERNAL",
            "creation_timestamp": "2021-02-16T22:59:13.940-08:00",
            "description": "",
            "id": "projects/development-299412/regions/us-west1/addresses/terraform-k8s-demo",
            "name": "terraform-k8s-demo",
            "network_tier": "PREMIUM",
            "project": "development-299412",
            "purpose": "",
            "region": "us-west1",
            "self_link": "https://www.googleapis.com/compute/v1/projects/development-299412/regions/us-west1/addresses/terraform-k8s-demo",
            "subnetwork": "",
            "timeouts": null,
            "users": []
          },
          "private": "eyJlMmJmYjczMC1lY2FhLTExZTYtOGY4OC0zNDM2M2JjN2M0YzAiOnsiY3JlYXRlIjoyNDAwMDAwMDAwMDAsImRlbGV0ZSI6MjQwMDAwMDAwMDAwfX0="
        }
      ]
    },
    {
      "mode": "managed",
      "type": "google_compute_network",
      "name": "default",
      "provider": "provider.google",
      "instances": [
        {
          "schema_version": 0,
          "attributes": {
            "auto_create_subnetworks": false,
            "delete_default_routes_on_create": false,
            "description": "",
            "gateway_ipv4": "",
            "id": "projects/development-299412/global/networks/terraform-k8s-demo",
            "mtu": 0,
            "name": "terraform-k8s-demo",
            "project": "development-299412",
            "routing_mode": "REGIONAL",
            "self_link": "https://www.googleapis.com/compute/v1/projects/development-299412/global/networks/terraform-k8s-demo",
            "timeouts": null
          },
          "private": "eyJlMmJmYjczMC1lY2FhLTExZTYtOGY4OC0zNDM2M2JjN2M0YzAiOnsiY3JlYXRlIjoyNDAwMDAwMDAwMDAsImRlbGV0ZSI6MjQwMDAwMDAwMDAwLCJ1cGRhdGUiOjI0MDAwMDAwMDAwMH19"
        }
      ]
    },
    {
      "mode": "managed",
      "type": "google_compute_subnetwork",
      "name": "default",
      "provider": "provider.google",
      "instances": [
        {
          "schema_version": 0,
          "attributes": {
            "creation_timestamp": "2021-02-16T22:59:36.337-08:00",
            "description": "",
            "fingerprint": null,
            "gateway_address": "10.0.0.1",
            "id": "projects/development-299412/regions/us-west1/subnetworks/terraform-k8s-demo",
            "ip_cidr_range": "10.0.0.0/24",
            "log_config": [],
            "name": "terraform-k8s-demo",
            "network": "https://www.googleapis.com/compute/v1/projects/development-299412/global/networks/terraform-k8s-demo",
            "private_ip_google_access": true,
            "private_ipv6_google_access": "DISABLE_GOOGLE_ACCESS",
            "project": "development-299412",
            "region": "us-west1",
            "secondary_ip_range": [],
            "self_link": "https://www.googleapis.com/compute/v1/projects/development-299412/regions/us-west1/subnetworks/terraform-k8s-demo",
            "timeouts": null
          },
          "private": "eyJlMmJmYjczMC1lY2FhLTExZTYtOGY4OC0zNDM2M2JjN2M0YzAiOnsiY3JlYXRlIjozNjAwMDAwMDAwMDAsImRlbGV0ZSI6MzYwMDAwMDAwMDAwLCJ1cGRhdGUiOjM2MDAwMDAwMDAwMH19",
          "dependencies": [
            "google_compute_network.default"
          ]
        }
      ]
    },
    {
      "mode": "managed",
      "type": "google_container_cluster",
      "name": "default",
      "provider": "provider.google",
      "instances": [
        {
          "schema_version": 1,
          "attributes": {
            "addons_config": [
              {
                "cloudrun_config": [],
                "horizontal_pod_autoscaling": [],
                "http_load_balancing": [],
                "network_policy_config": [
                  {
                    "disabled": true
                  }
                ]
              }
            ],
            "authenticator_groups_config": [],
            "cluster_autoscaling": [
              {
                "auto_provisioning_defaults": [],
                "enabled": false,
                "resource_limits": []
              }
            ],
            "cluster_ipv4_cidr": "10.20.0.0/14",
            "database_encryption": [
              {
                "key_name": "",
                "state": "DECRYPTED"
              }
            ],
            "datapath_provider": "",
            "default_max_pods_per_node": null,
            "default_snat_status": [
              {
                "disabled": false
              }
            ],
            "description": "",
            "enable_binary_authorization": false,
            "enable_intranode_visibility": false,
            "enable_kubernetes_alpha": false,
            "enable_legacy_abac": true,
            "enable_shielded_nodes": false,
            "enable_tpu": false,
            "endpoint": "35.247.120.42",
            "id": "projects/development-299412/locations/us-west1-b/clusters/terraform-k8s-demo",
            "initial_node_count": 2,
            "instance_group_urls": [
              "https://www.googleapis.com/compute/v1/projects/development-299412/zones/us-west1-b/instanceGroups/gke-terraform-k8s-demo-default-pool-db576f68-grp"
            ],
            "ip_allocation_policy": [],
            "label_fingerprint": "a9dc16a7",
            "location": "us-west1-b",
            "logging_service": "logging.googleapis.com/kubernetes",
            "maintenance_policy": [],
            "master_auth": [
              {
                "client_certificate": "",
                "client_certificate_config": [
                  {
                    "issue_client_certificate": false
                  }
                ],
                "client_key": "",
                "cluster_ca_certificate": "LS0tLS1CRUdJTiBDRVJUSUZJQ0FURS0tLS0tCk1JSURLakNDQWhLZ0F3SUJBZ0lRTUZXQUh0Y1dHbm9VeUZya3ZNYnQvVEFOQmdrcWhraUc5dzBCQVFzRkFEQXYKTVMwd0t3WURWUVFERXlRMU16WXhZVGxpTnkxaE16STRMVFF5Tm1ZdE9EZ3pPUzAyTVdZME9EQmlORGN3WkdJdwpIaGNOTWpFd01qRTNNRGt3TWpVMVdoY05Nall3TWpFMk1UQXdNalUxV2pBdk1TMHdLd1lEVlFRREV5UTFNell4CllUbGlOeTFoTXpJNExUUXlObVl0T0Rnek9TMDJNV1kwT0RCaU5EY3daR0l3Z2dFaU1BMEdDU3FHU0liM0RRRUIKQVFVQUE0SUJEd0F3Z2dFS0FvSUJBUUM5UkZ3anhOdjYwZk5aRExCa3JUbDduYkpkd0loTzBmUSsvaUlXVGptbwp4Z3FPRFRkRlhvSGFSODBoeWJOYkNpc1BteXRZWjhBT21mZk03VFF6T0RidCtyRnhRMEZ3U0FaYlVQTHp2STZOCk1QeDhBQm44UjBXbW9FWTRmakNKcStIVmpkdSt3Q0JxSGF6Y2EvZHpzZmZTMHBPTnBxbWREelFSVCtyWUJXdnIKK0R4MVkxeWYzeitqNXk5NVFLQ3hxdVQyczlRL2l3aWtPV2dudWVmc0UyODQ1dVRLV21jR2ZCeENFbWFpem9EZApGTUZTc3A1ZHczRmlKL3pVLzBLT2ZIT1Q5K1R1b1hIMDk5WXZoU3o1bFZBUzBxUjZvdkN4MnpqYm51VWhSdzVCCnFEelh1QnBNZkdjcE8zcWJmVlV4TmQrSHJGQU1GbjJEQmFOTSt3M1hoWHh4QWdNQkFBR2pRakJBTUE0R0ExVWQKRHdFQi93UUVBd0lDQkRBUEJnTlZIUk1CQWY4RUJUQURBUUgvTUIwR0ExVWREZ1FXQkJSK0luaTJvbDdYcytSYQpHcXhGOWFzUWV5OW5YREFOQmdrcWhraUc5dzBCQVFzRkFBT0NBUUVBWGg4ajcyVC95T2htanNjeFA0a0tmK2pNCnErcXJqU2FONHB4NHFQdytzWnprOFl0NDJKY29ZQVpTRmtXVldteEdFclo4WjhhaUhjbnhaWSthcnRRZS9qQ3EKQjhmMGNvWVhyajJ3dEN2NmE0QTNNRUdCV2c3NFNqNUUyU0tUZCtMNnJuaVpXRW1VSmtjUzNEOHhyb3hFbzlydgovTWdEQStaaG5jSXYrR3NycmZ4emNJcDNwamMxcUdKNFlZcXNZU00vQyt0NHZHdE9yS01kbmxYSVJIMzdyQlpUCkVyOFg4bTBna1BCMkNHelZvYTlrUGQrdXI0MGhqd3QralhVTE10cm5EUFM3WWkzdkh1VGtGVUU2amI5ZVRqYjAKVFlsUVRIUFFHQksyRW02RHY0QnZOd2dZc2wwYS9XOVEvWUJHMmxRa1VhdkdtUlRnb0NLZ2tTTWhpa1FITXc9PQotLS0tLUVORCBDRVJUSUZJQ0FURS0tLS0tCg==",
                "password": "",
                "username": ""
              }
            ],
            "master_authorized_networks_config": [],
            "master_version": "1.18.15-gke.1100",
            "min_master_version": "1.18.15-gke.1100",
            "monitoring_service": "monitoring.googleapis.com/kubernetes",
            "name": "terraform-k8s-demo",
            "network": "projects/development-299412/global/networks/terraform-k8s-demo",
            "network_policy": [
              {
                "enabled": false,
                "provider": "PROVIDER_UNSPECIFIED"
              }
            ],
            "node_config": [
              {
                "disk_size_gb": 100,
                "disk_type": "pd-standard",
                "guest_accelerator": [],
                "image_type": "COS",
                "labels": {},
                "local_ssd_count": 0,
                "machine_type": "e2-small",
                "metadata": {
                  "disable-legacy-endpoints": "true"
                },
                "min_cpu_platform": "",
                "oauth_scopes": [
                  "https://www.googleapis.com/auth/logging.write",
                  "https://www.googleapis.com/auth/monitoring"
                ],
                "preemptible": false,
                "service_account": "default",
                "shielded_instance_config": [
                  {
                    "enable_integrity_monitoring": true,
                    "enable_secure_boot": false
                  }
                ],
                "tags": [],
                "taint": [],
                "workload_metadata_config": []
              }
            ],
            "node_locations": [],
            "node_pool": [
              {
                "autoscaling": [],
                "initial_node_count": 2,
                "instance_group_urls": [
                  "https://www.googleapis.com/compute/v1/projects/development-299412/zones/us-west1-b/instanceGroupManagers/gke-terraform-k8s-demo-default-pool-db576f68-grp"
                ],
                "management": [
                  {
                    "auto_repair": true,
                    "auto_upgrade": true
                  }
                ],
                "max_pods_per_node": 0,
                "name": "default-pool",
                "name_prefix": "",
                "node_config": [
                  {
                    "disk_size_gb": 100,
                    "disk_type": "pd-standard",
                    "guest_accelerator": [],
                    "image_type": "COS",
                    "labels": {},
                    "local_ssd_count": 0,
                    "machine_type": "e2-small",
                    "metadata": {
                      "disable-legacy-endpoints": "true"
                    },
                    "min_cpu_platform": "",
                    "oauth_scopes": [
                      "https://www.googleapis.com/auth/logging.write",
                      "https://www.googleapis.com/auth/monitoring"
                    ],
                    "preemptible": false,
                    "service_account": "default",
                    "shielded_instance_config": [
                      {
                        "enable_integrity_monitoring": true,
                        "enable_secure_boot": false
                      }
                    ],
                    "tags": [],
                    "taint": [],
                    "workload_metadata_config": []
                  }
                ],
                "node_count": 2,
                "node_locations": [
                  "us-west1-b"
                ],
                "upgrade_settings": [
                  {
                    "max_surge": 1,
                    "max_unavailable": 0
                  }
                ],
                "version": "1.18.15-gke.1100"
              }
            ],
            "node_version": "1.18.15-gke.1100",
            "operation": null,
            "pod_security_policy_config": [],
            "private_cluster_config": [],
            "project": "development-299412",
            "release_channel": [
              {
                "channel": "UNSPECIFIED"
              }
            ],
            "remove_default_node_pool": null,
            "resource_labels": {},
            "resource_usage_export_config": [],
            "self_link": "https://container.googleapis.com/v1beta1/projects/development-299412/zones/us-west1-b/clusters/terraform-k8s-demo",
            "services_ipv4_cidr": "10.23.240.0/20",
            "subnetwork": "projects/development-299412/regions/us-west1/subnetworks/terraform-k8s-demo",
            "timeouts": null,
            "tpu_ipv4_cidr_block": "",
            "vertical_pod_autoscaling": [],
            "workload_identity_config": []
          },
          "private": "eyJlMmJmYjczMC1lY2FhLTExZTYtOGY4OC0zNDM2M2JjN2M0YzAiOnsiY3JlYXRlIjoyNDAwMDAwMDAwMDAwLCJkZWxldGUiOjI0MDAwMDAwMDAwMDAsInJlYWQiOjI0MDAwMDAwMDAwMDAsInVwZGF0ZSI6MzYwMDAwMDAwMDAwMH0sInNjaGVtYV92ZXJzaW9uIjoiMSJ9",
          "dependencies": [
            "google_compute_subnetwork.default"
          ]
        }
      ]
    },
    {
      "mode": "managed",
      "type": "kubectl_manifest",
      "name": "test",
      "each": "list",
      "provider": "provider.kubectl",
      "instances": [
        {
          "index_key": 0,
          "schema_version": 0,
          "attributes": {
            "api_version": "v1",
            "force_new": false,
            "id": "/api/v1/namespaces/wordpress/secrets/mysql-secret",
            "ignore_fields": null,
            "kind": "Secret",
            "live_manifest_incluster": "apiVersion=v1,data.password=password,kind=Secret,metadata.name=mysql-secret,metadata.namespace=wordpress,type=Opaque",
            "live_resource_version": "8280",
            "live_uid": "5fb3f895-7a33-4aff-bf85-018df216dd7e",
            "name": "mysql-secret",
            "namespace": "wordpress",
            "override_namespace": null,
            "resource_version": "8280",
            "sensitive_fields": null,
            "timeouts": null,
            "uid": "5fb3f895-7a33-4aff-bf85-018df216dd7e",
            "validate_schema": true,
            "wait": null,
            "wait_for_rollout": true,
            "yaml_body": "apiVersion: v1\nkind: Secret\nmetadata:\n  name: mysql-secret\n  namespace: wordpress\ntype: Opaque\ndata:\n  password: password",
            "yaml_body_parsed": "apiVersion: v1\ndata: (sensitive value)\nkind: Secret\nmetadata:\n  name: mysql-secret\n  namespace: wordpress\ntype: Opaque\n",
            "yaml_incluster": "apiVersion=v1,data.password=password,kind=Secret,metadata.name=mysql-secret,metadata.namespace=wordpress,type=Opaque"
          },
          "private": "eyJlMmJmYjczMC1lY2FhLTExZTYtOGY4OC0zNDM2M2JjN2M0YzAiOnsiY3JlYXRlIjo2MDAwMDAwMDAwMDB9fQ=="
        },
        {
          "index_key": 1,
          "schema_version": 0,
          "attributes": {
            "api_version": "v1",
            "force_new": false,
            "id": "/api/v1/namespaces/wordpress/services/mysql",
            "ignore_fields": null,
            "kind": "Service",
            "live_manifest_incluster": "apiVersion=v1,kind=Service,metadata.name=mysql,metadata.namespace=wordpress,spec.ports.#=1,spec.ports.0.port=3306,spec.ports.0.protocol=TCP,spec.ports.0.targetPort=3306,spec.selector.app=mysql,spec.type=ClusterIP",
            "live_resource_version": "8287",
            "live_uid": "47b75a20-1187-4200-998c-c3387111c680",
            "name": "mysql",
            "namespace": "wordpress",
            "override_namespace": null,
            "resource_version": "8287",
            "sensitive_fields": null,
            "timeouts": null,
            "uid": "47b75a20-1187-4200-998c-c3387111c680",
            "validate_schema": true,
            "wait": null,
            "wait_for_rollout": true,
            "yaml_body": "apiVersion: v1\nkind: Service\nmetadata:\n  name: mysql\n  namespace: wordpress\nspec:\n  type: ClusterIP\n  ports:\n  - port: 3306\n    targetPort: 3306\n    protocol: TCP\n  selector:\n    app: mysql",
            "yaml_body_parsed": "apiVersion: v1\nkind: Service\nmetadata:\n  name: mysql\n  namespace: wordpress\nspec:\n  ports:\n  - port: 3306\n    protocol: TCP\n    targetPort: 3306\n  selector:\n    app: mysql\n  type: ClusterIP\n",
            "yaml_incluster": "apiVersion=v1,kind=Service,metadata.name=mysql,metadata.namespace=wordpress,spec.ports.#=1,spec.ports.0.port=3306,spec.ports.0.protocol=TCP,spec.ports.0.targetPort=3306,spec.selector.app=mysql,spec.type=ClusterIP"
          },
          "private": "eyJlMmJmYjczMC1lY2FhLTExZTYtOGY4OC0zNDM2M2JjN2M0YzAiOnsiY3JlYXRlIjo2MDAwMDAwMDAwMDB9fQ=="
        },
        {
          "index_key": 2,
          "schema_version": 0,
          "attributes": {
            "api_version": "v1",
            "force_new": false,
            "id": "/api/v1/namespaces/wordpress/persistentvolumeclaims/mysql-volumeclaim",
            "ignore_fields": null,
            "kind": "PersistentVolumeClaim",
            "live_manifest_incluster": "apiVersion=v1,kind=PersistentVolumeClaim,metadata.name=mysql-volumeclaim,metadata.namespace=wordpress,spec.accessModes.#=1,spec.accessModes.0=ReadWriteOnce,spec.resources.requests.storage=10Gi",
            "live_resource_version": "8327",
            "live_uid": "947e20b2-2952-4685-947b-5719d3d0b0e9",
            "name": "mysql-volumeclaim",
            "namespace": "wordpress",
            "override_namespace": null,
            "resource_version": "8283",
            "sensitive_fields": null,
            "timeouts": null,
            "uid": "947e20b2-2952-4685-947b-5719d3d0b0e9",
            "validate_schema": true,
            "wait": null,
            "wait_for_rollout": true,
            "yaml_body": "kind: PersistentVolumeClaim\napiVersion: v1\nmetadata:\n  name: mysql-volumeclaim\n  namespace: wordpress\nspec:\n  accessModes:\n    - ReadWriteOnce\n  resources:\n    requests:\n      storage: 10Gi",
            "yaml_body_parsed": "apiVersion: v1\nkind: PersistentVolumeClaim\nmetadata:\n  name: mysql-volumeclaim\n  namespace: wordpress\nspec:\n  accessModes:\n  - ReadWriteOnce\n  resources:\n    requests:\n      storage: 10Gi\n",
            "yaml_incluster": "apiVersion=v1,kind=PersistentVolumeClaim,metadata.name=mysql-volumeclaim,metadata.namespace=wordpress,spec.accessModes.#=1,spec.accessModes.0=ReadWriteOnce,spec.resources.requests.storage=10Gi"
          },
          "private": "eyJlMmJmYjczMC1lY2FhLTExZTYtOGY4OC0zNDM2M2JjN2M0YzAiOnsiY3JlYXRlIjo2MDAwMDAwMDAwMDB9fQ=="
        },
        {
          "index_key": 3,
          "schema_version": 0,
          "attributes": {
            "api_version": "apps/v1",
            "force_new": false,
            "id": "/apis/apps/v1/namespaces/wordpress/deployments/mysql",
            "ignore_fields": null,
            "kind": "Deployment",
            "live_manifest_incluster": "apiVersion=apps/v1,kind=Deployment,metadata.labels.app=mysql,metadata.name=mysql,metadata.namespace=wordpress,spec.replicas=1,spec.selector.matchLabels.app=mysql,spec.template.metadata.labels.app=mysql,spec.template.spec.containers.#=1,spec.template.spec.containers.0.env.#=1,spec.template.spec.containers.0.env.0.name=MYSQL_ROOT_PASSWORD,spec.template.spec.containers.0.env.0.valueFrom.secretKeyRef.key=password,spec.template.spec.containers.0.env.0.valueFrom.secretKeyRef.name=mysql-secret,spec.template.spec.containers.0.image=mysql:5.6,spec.template.spec.containers.0.imagePullPolicy=Always,spec.template.spec.containers.0.name=mysql,spec.template.spec.containers.0.ports.#=1,spec.template.spec.containers.0.ports.0.containerPort=3306,spec.template.spec.containers.0.volumeMounts.#=1,spec.template.spec.containers.0.volumeMounts.0.mountPath=/var/lib/mysql,spec.template.spec.containers.0.volumeMounts.0.name=mysql-persistent-storage,spec.template.spec.restartPolicy=Always,spec.template.spec.volumes.#=1,spec.template.spec.volumes.0.name=mysql-persistent-storage,spec.template.spec.volumes.0.persistentVolumeClaim.claimName=mysql-volumeclaim",
            "live_resource_version": "8469",
            "live_uid": "2d0a4287-aa04-4e40-ac5f-347e3340a4bf",
            "name": "mysql",
            "namespace": "wordpress",
            "override_namespace": null,
            "resource_version": "8298",
            "sensitive_fields": null,
            "timeouts": null,
            "uid": "2d0a4287-aa04-4e40-ac5f-347e3340a4bf",
            "validate_schema": true,
            "wait": null,
            "wait_for_rollout": true,
            "yaml_body": "apiVersion: apps/v1\nkind: Deployment\nmetadata:\n  namespace: wordpress\n  name: mysql\n  labels:\n    app: mysql\nspec:\n  replicas: 1\n  selector:\n    matchLabels:\n      app: mysql\n  template:\n    metadata:\n      labels:\n        app: mysql\n    spec:\n      containers:\n      - name: mysql\n        image: mysql:5.6\n        ports:\n        - containerPort: 3306\n        env:\n        - name: MYSQL_ROOT_PASSWORD\n          valueFrom:\n            secretKeyRef:\n              name: mysql-secret\n              key: password\n        volumeMounts:\n          - name: mysql-persistent-storage\n            mountPath: /var/lib/mysql\n        imagePullPolicy: Always\n      restartPolicy: Always\n      volumes:\n        - name: mysql-persistent-storage\n          persistentVolumeClaim:\n            claimName: mysql-volumeclaim",
            "yaml_body_parsed": "apiVersion: apps/v1\nkind: Deployment\nmetadata:\n  labels:\n    app: mysql\n  name: mysql\n  namespace: wordpress\nspec:\n  replicas: 1\n  selector:\n    matchLabels:\n      app: mysql\n  template:\n    metadata:\n      labels:\n        app: mysql\n    spec:\n      containers:\n      - env:\n        - name: MYSQL_ROOT_PASSWORD\n          valueFrom:\n            secretKeyRef:\n              key: password\n              name: mysql-secret\n        image: mysql:5.6\n        imagePullPolicy: Always\n        name: mysql\n        ports:\n        - containerPort: 3306\n        volumeMounts:\n        - mountPath: /var/lib/mysql\n          name: mysql-persistent-storage\n      restartPolicy: Always\n      volumes:\n      - name: mysql-persistent-storage\n        persistentVolumeClaim:\n          claimName: mysql-volumeclaim\n",
            "yaml_incluster": "apiVersion=apps/v1,kind=Deployment,metadata.labels.app=mysql,metadata.name=mysql,metadata.namespace=wordpress,spec.replicas=1,spec.selector.matchLabels.app=mysql,spec.template.metadata.labels.app=mysql,spec.template.spec.containers.#=1,spec.template.spec.containers.0.env.#=1,spec.template.spec.containers.0.env.0.name=MYSQL_ROOT_PASSWORD,spec.template.spec.containers.0.env.0.valueFrom.secretKeyRef.key=password,spec.template.spec.containers.0.env.0.valueFrom.secretKeyRef.name=mysql-secret,spec.template.spec.containers.0.image=mysql:5.6,spec.template.spec.containers.0.imagePullPolicy=Always,spec.template.spec.containers.0.name=mysql,spec.template.spec.containers.0.ports.#=1,spec.template.spec.containers.0.ports.0.containerPort=3306,spec.template.spec.containers.0.volumeMounts.#=1,spec.template.spec.containers.0.volumeMounts.0.mountPath=/var/lib/mysql,spec.template.spec.containers.0.volumeMounts.0.name=mysql-persistent-storage,spec.template.spec.restartPolicy=Always,spec.template.spec.volumes.#=1,spec.template.spec.volumes.0.name=mysql-persistent-storage,spec.template.spec.volumes.0.persistentVolumeClaim.claimName=mysql-volumeclaim"
          },
          "private": "eyJlMmJmYjczMC1lY2FhLTExZTYtOGY4OC0zNDM2M2JjN2M0YzAiOnsiY3JlYXRlIjo2MDAwMDAwMDAwMDB9fQ=="
        },
        {
          "index_key": 4,
          "schema_version": 0,
          "attributes": {
            "api_version": "v1",
            "force_new": false,
            "id": "/api/v1/namespaces/wordpress",
            "ignore_fields": null,
            "kind": "Namespace",
            "live_manifest_incluster": "apiVersion=v1,kind=Namespace,metadata.name=wordpress",
            "live_resource_version": "8249",
            "live_uid": "7538a5e0-a1c5-4ca1-b24b-e728abe0508e",
            "name": "wordpress",
            "namespace": null,
            "override_namespace": null,
            "resource_version": "8249",
            "sensitive_fields": null,
            "timeouts": null,
            "uid": "7538a5e0-a1c5-4ca1-b24b-e728abe0508e",
            "validate_schema": true,
            "wait": null,
            "wait_for_rollout": true,
            "yaml_body": "apiVersion: v1\nkind: Namespace\nmetadata:\n  name: wordpress",
            "yaml_body_parsed": "apiVersion: v1\nkind: Namespace\nmetadata:\n  name: wordpress\n",
            "yaml_incluster": "apiVersion=v1,kind=Namespace,metadata.name=wordpress"
          },
          "private": "eyJlMmJmYjczMC1lY2FhLTExZTYtOGY4OC0zNDM2M2JjN2M0YzAiOnsiY3JlYXRlIjo2MDAwMDAwMDAwMDB9fQ=="
        },
        {
          "index_key": 5,
          "schema_version": 0,
          "attributes": {
            "api_version": "v1",
            "force_new": false,
            "id": "/api/v1/namespaces/wordpress/services/wordpress",
            "ignore_fields": null,
            "kind": "Service",
            "live_manifest_incluster": "apiVersion=v1,kind=Service,metadata.name=wordpress,metadata.namespace=wordpress,spec.ports.#=1,spec.ports.0.port=80,spec.ports.0.protocol=TCP,spec.ports.0.targetPort=80,spec.selector.app=wordpress,spec.type=LoadBalancer",
            "live_resource_version": "8721",
            "live_uid": "3f2d9b45-a608-4769-b5c3-1aaaa5dbc340",
            "name": "wordpress",
            "namespace": "wordpress",
            "override_namespace": null,
            "resource_version": "8263",
            "sensitive_fields": null,
            "timeouts": null,
            "uid": "3f2d9b45-a608-4769-b5c3-1aaaa5dbc340",
            "validate_schema": true,
            "wait": null,
            "wait_for_rollout": true,
            "yaml_body": "apiVersion: v1\nkind: Service\nmetadata:\n  name: wordpress\n  namespace: wordpress\nspec:\n  type: LoadBalancer\n  ports:\n  - port: 80\n    targetPort: 80\n    protocol: TCP\n  selector:\n    app: wordpress",
            "yaml_body_parsed": "apiVersion: v1\nkind: Service\nmetadata:\n  name: wordpress\n  namespace: wordpress\nspec:\n  ports:\n  - port: 80\n    protocol: TCP\n    targetPort: 80\n  selector:\n    app: wordpress\n  type: LoadBalancer\n",
            "yaml_incluster": "apiVersion=v1,kind=Service,metadata.name=wordpress,metadata.namespace=wordpress,spec.ports.#=1,spec.ports.0.port=80,spec.ports.0.protocol=TCP,spec.ports.0.targetPort=80,spec.selector.app=wordpress,spec.type=LoadBalancer"
          },
          "private": "eyJlMmJmYjczMC1lY2FhLTExZTYtOGY4OC0zNDM2M2JjN2M0YzAiOnsiY3JlYXRlIjo2MDAwMDAwMDAwMDB9fQ=="
        },
        {
          "index_key": 6,
          "schema_version": 0,
          "attributes": {
            "api_version": "v1",
            "force_new": false,
            "id": "/api/v1/namespaces/wordpress/persistentvolumeclaims/wordpress-volumeclaim",
            "ignore_fields": null,
            "kind": "PersistentVolumeClaim",
            "live_manifest_incluster": "apiVersion=v1,kind=PersistentVolumeClaim,metadata.name=wordpress-volumeclaim,metadata.namespace=wordpress,spec.accessModes.#=1,spec.accessModes.0=ReadWriteOnce,spec.resources.requests.storage=10Gi",
            "live_resource_version": "8323",
            "live_uid": "882eafb9-e0d2-4dd6-b54e-ea08793ca981",
            "name": "wordpress-volumeclaim",
            "namespace": "wordpress",
            "override_namespace": null,
            "resource_version": "8268",
            "sensitive_fields": null,
            "timeouts": null,
            "uid": "882eafb9-e0d2-4dd6-b54e-ea08793ca981",
            "validate_schema": true,
            "wait": null,
            "wait_for_rollout": true,
            "yaml_body": "kind: PersistentVolumeClaim\napiVersion: v1\nmetadata:\n  name: wordpress-volumeclaim\n  namespace: wordpress\nspec:\n  accessModes:\n    - ReadWriteOnce\n  resources:\n    requests:\n      storage: 10Gi",
            "yaml_body_parsed": "apiVersion: v1\nkind: PersistentVolumeClaim\nmetadata:\n  name: wordpress-volumeclaim\n  namespace: wordpress\nspec:\n  accessModes:\n  - ReadWriteOnce\n  resources:\n    requests:\n      storage: 10Gi\n",
            "yaml_incluster": "apiVersion=v1,kind=PersistentVolumeClaim,metadata.name=wordpress-volumeclaim,metadata.namespace=wordpress,spec.accessModes.#=1,spec.accessModes.0=ReadWriteOnce,spec.resources.requests.storage=10Gi"
          },
          "private": "eyJlMmJmYjczMC1lY2FhLTExZTYtOGY4OC0zNDM2M2JjN2M0YzAiOnsiY3JlYXRlIjo2MDAwMDAwMDAwMDB9fQ=="
        },
        {
          "index_key": 7,
          "schema_version": 0,
          "attributes": {
            "api_version": "apps/v1",
            "force_new": false,
            "id": "/apis/apps/v1/namespaces/wordpress/deployments/wordpress",
            "ignore_fields": null,
            "kind": "Deployment",
            "live_manifest_incluster": "apiVersion=apps/v1,kind=Deployment,metadata.labels.app=wordpress,metadata.name=wordpress,metadata.namespace=wordpress,spec.replicas=1,spec.selector.matchLabels.app=wordpress,spec.template.metadata.labels.app=wordpress,spec.template.spec.containers.#=1,spec.template.spec.containers.0.env.#=2,spec.template.spec.containers.0.env.0.name=WORDPRESS_DB_HOST,spec.template.spec.containers.0.env.0.value=mysql:3306,spec.template.spec.containers.0.env.1.name=WORDPRESS_DB_PASSWORD,spec.template.spec.containers.0.env.1.valueFrom.secretKeyRef.key=password,spec.template.spec.containers.0.env.1.valueFrom.secretKeyRef.name=mysql-secret,spec.template.spec.containers.0.image=wordpress,spec.template.spec.containers.0.imagePullPolicy=Always,spec.template.spec.containers.0.livenessProbe.failureThreshold=3,spec.template.spec.containers.0.livenessProbe.httpGet.path=/health,spec.template.spec.containers.0.livenessProbe.httpGet.port=80,spec.template.spec.containers.0.livenessProbe.httpGet.scheme=HTTP,spec.template.spec.containers.0.livenessProbe.initialDelaySeconds=15,spec.template.spec.containers.0.livenessProbe.periodSeconds=10,spec.template.spec.containers.0.livenessProbe.successThreshold=1,spec.template.spec.containers.0.livenessProbe.timeoutSeconds=1,spec.template.spec.containers.0.name=wordpress,spec.template.spec.containers.0.ports.#=1,spec.template.spec.containers.0.ports.0.containerPort=80,spec.template.spec.containers.0.volumeMounts.#=1,spec.template.spec.containers.0.volumeMounts.0.mountPath=/var/www/html,spec.template.spec.containers.0.volumeMounts.0.name=wordpress-persistent-storage,spec.template.spec.restartPolicy=Always,spec.template.spec.volumes.#=1,spec.template.spec.volumes.0.name=wordpress-persistent-storage,spec.template.spec.volumes.0.persistentVolumeClaim.claimName=wordpress-volumeclaim",
            "live_resource_version": "8618",
            "live_uid": "8d97782a-0673-4407-a979-6a64ee544553",
            "name": "wordpress",
            "namespace": "wordpress",
            "override_namespace": null,
            "resource_version": "8269",
            "sensitive_fields": null,
            "timeouts": null,
            "uid": "8d97782a-0673-4407-a979-6a64ee544553",
            "validate_schema": true,
            "wait": null,
            "wait_for_rollout": true,
            "yaml_body": "apiVersion: apps/v1\nkind: Deployment\nmetadata:\n  namespace: wordpress\n  name: wordpress\n  labels:\n    app: wordpress\nspec:\n  replicas: 1\n  selector:\n    matchLabels:\n      app: wordpress\n  template:\n    metadata:\n      labels:\n        app: wordpress\n    spec:\n      containers:\n      - name: wordpress\n        image: wordpress\n        livenessProbe:\n          failureThreshold: 3\n          httpGet:\n            path: /health\n            port: 80\n            scheme: HTTP\n          initialDelaySeconds: 15\n          periodSeconds: 10\n          successThreshold: 1\n          timeoutSeconds: 1\n        ports:\n        - containerPort: 80\n        env:\n        - name: WORDPRESS_DB_HOST\n          value: mysql:3306\n        - name: WORDPRESS_DB_PASSWORD\n          valueFrom:\n            secretKeyRef:\n              name: mysql-secret\n              key: password\n        volumeMounts:\n          - name: wordpress-persistent-storage\n            mountPath: /var/www/html\n        imagePullPolicy: Always\n      restartPolicy: Always\n      volumes:\n        - name: wordpress-persistent-storage\n          persistentVolumeClaim:\n            claimName: wordpress-volumeclaim",
            "yaml_body_parsed": "apiVersion: apps/v1\nkind: Deployment\nmetadata:\n  labels:\n    app: wordpress\n  name: wordpress\n  namespace: wordpress\nspec:\n  replicas: 1\n  selector:\n    matchLabels:\n      app: wordpress\n  template:\n    metadata:\n      labels:\n        app: wordpress\n    spec:\n      containers:\n      - env:\n        - name: WORDPRESS_DB_HOST\n          value: mysql:3306\n        - name: WORDPRESS_DB_PASSWORD\n          valueFrom:\n            secretKeyRef:\n              key: password\n              name: mysql-secret\n        image: wordpress\n        imagePullPolicy: Always\n        livenessProbe:\n          failureThreshold: 3\n          httpGet:\n            path: /health\n            port: 80\n            scheme: HTTP\n          initialDelaySeconds: 15\n          periodSeconds: 10\n          successThreshold: 1\n          timeoutSeconds: 1\n        name: wordpress\n        ports:\n        - containerPort: 80\n        volumeMounts:\n        - mountPath: /var/www/html\n          name: wordpress-persistent-storage\n      restartPolicy: Always\n      volumes:\n      - name: wordpress-persistent-storage\n        persistentVolumeClaim:\n          claimName: wordpress-volumeclaim\n",
            "yaml_incluster": "apiVersion=apps/v1,kind=Deployment,metadata.labels.app=wordpress,metadata.name=wordpress,metadata.namespace=wordpress,spec.replicas=1,spec.selector.matchLabels.app=wordpress,spec.template.metadata.labels.app=wordpress,spec.template.spec.containers.#=1,spec.template.spec.containers.0.env.#=2,spec.template.spec.containers.0.env.0.name=WORDPRESS_DB_HOST,spec.template.spec.containers.0.env.0.value=mysql:3306,spec.template.spec.containers.0.env.1.name=WORDPRESS_DB_PASSWORD,spec.template.spec.containers.0.env.1.valueFrom.secretKeyRef.key=password,spec.template.spec.containers.0.env.1.valueFrom.secretKeyRef.name=mysql-secret,spec.template.spec.containers.0.image=wordpress,spec.template.spec.containers.0.imagePullPolicy=Always,spec.template.spec.containers.0.livenessProbe.failureThreshold=3,spec.template.spec.containers.0.livenessProbe.httpGet.path=/health,spec.template.spec.containers.0.livenessProbe.httpGet.port=80,spec.template.spec.containers.0.livenessProbe.httpGet.scheme=HTTP,spec.template.spec.containers.0.livenessProbe.initialDelaySeconds=15,spec.template.spec.containers.0.livenessProbe.periodSeconds=10,spec.template.spec.containers.0.livenessProbe.successThreshold=1,spec.template.spec.containers.0.livenessProbe.timeoutSeconds=1,spec.template.spec.containers.0.name=wordpress,spec.template.spec.containers.0.ports.#=1,spec.template.spec.containers.0.ports.0.containerPort=80,spec.template.spec.containers.0.volumeMounts.#=1,spec.template.spec.containers.0.volumeMounts.0.mountPath=/var/www/html,spec.template.spec.containers.0.volumeMounts.0.name=wordpress-persistent-storage,spec.template.spec.restartPolicy=Always,spec.template.spec.volumes.#=1,spec.template.spec.volumes.0.name=wordpress-persistent-storage,spec.template.spec.volumes.0.persistentVolumeClaim.claimName=wordpress-volumeclaim"
          },
          "private": "eyJlMmJmYjczMC1lY2FhLTExZTYtOGY4OC0zNDM2M2JjN2M0YzAiOnsiY3JlYXRlIjo2MDAwMDAwMDAwMDB9fQ=="
        }
      ]
    }
  ]
}
